
Microsoft Visual Studio Solution File, Format Version 12.00
# Visual Studio 2012
Project("{FAE04EC0-301F-11D3-BF4B-00C04F79EFBC}") = "DB-Lab3", "DB-Lab3\DB-Lab3.csproj", "{B60AEBDD-01D8-4122-A7D3-47419403E165}"
EndProject
Global
	GlobalSection(SolutionConfigurationPlatforms) = preSolution
		Debug|Any CPU = Debug|Any CPU
		Release|Any CPU = Release|Any CPU
	EndGlobalSection
	GlobalSection(ProjectConfigurationPlatforms) = postSolution
		{B60AEBDD-01D8-4122-A7D3-47419403E165}.Debug|Any CPU.ActiveCfg = Debug|Any CPU
		{B60AEBDD-01D8-4122-A7D3-47419403E165}.Debug|Any CPU.Build.0 = Debug|Any CPU
		{B60AEBDD-01D8-4122-A7D3-47419403E165}.Release|Any CPU.ActiveCfg = Release|Any CPU
		{B60AEBDD-01D8-4122-A7D3-47419403E165}.Release|Any CPU.Build.0 = Release|Any CPU
	EndGlobalSection
	GlobalSection(SolutionProperties) = preSolution
		HideSolutionNode = FALSE
	EndGlobalSection
EndGlobal
