
Microsoft Visual Studio Solution File, Format Version 12.00
# Visual Studio 2012
Project("{FAE04EC0-301F-11D3-BF4B-00C04F79EFBC}") = "PracticeForPractical", "PracticeForPractical\PracticeForPractical.csproj", "{F43AD94E-50EE-4930-AC6C-9C550B3860DF}"
EndProject
Global
	GlobalSection(SolutionConfigurationPlatforms) = preSolution
		Debug|Any CPU = Debug|Any CPU
		Release|Any CPU = Release|Any CPU
	EndGlobalSection
	GlobalSection(ProjectConfigurationPlatforms) = postSolution
		{F43AD94E-50EE-4930-AC6C-9C550B3860DF}.Debug|Any CPU.ActiveCfg = Debug|Any CPU
		{F43AD94E-50EE-4930-AC6C-9C550B3860DF}.Debug|Any CPU.Build.0 = Debug|Any CPU
		{F43AD94E-50EE-4930-AC6C-9C550B3860DF}.Release|Any CPU.ActiveCfg = Release|Any CPU
		{F43AD94E-50EE-4930-AC6C-9C550B3860DF}.Release|Any CPU.Build.0 = Release|Any CPU
	EndGlobalSection
	GlobalSection(SolutionProperties) = preSolution
		HideSolutionNode = FALSE
	EndGlobalSection
EndGlobal
